
Microsoft Visual Studio Solution File, Format Version 12.00
# Visual Studio Version 16
VisualStudioVersion = 16.0.29806.167
MinimumVisualStudioVersion = 10.0.40219.1
Project("{FAE04EC0-301F-11D3-BF4B-00C04F79EFBC}") = "homework6", "homework5\homework6.csproj", "{D0CD3A30-CB4C-4D34-8E9C-BF6283683791}"
EndProject
Project("{FAE04EC0-301F-11D3-BF4B-00C04F79EFBC}") = "homework6OrderServiceTests", "homework6OrderServiceTests\homework6OrderServiceTests.csproj", "{0561169F-53E1-4C3E-9D39-8067A6469B31}"
EndProject
Global
	GlobalSection(SolutionConfigurationPlatforms) = preSolution
		Debug|Any CPU = Debug|Any CPU
		Release|Any CPU = Release|Any CPU
	EndGlobalSection
	GlobalSection(ProjectConfigurationPlatforms) = postSolution
		{D0CD3A30-CB4C-4D34-8E9C-BF6283683791}.Debug|Any CPU.ActiveCfg = Debug|Any CPU
		{D0CD3A30-CB4C-4D34-8E9C-BF6283683791}.Debug|Any CPU.Build.0 = Debug|Any CPU
		{D0CD3A30-CB4C-4D34-8E9C-BF6283683791}.Release|Any CPU.ActiveCfg = Release|Any CPU
		{D0CD3A30-CB4C-4D34-8E9C-BF6283683791}.Release|Any CPU.Build.0 = Release|Any CPU
		{0561169F-53E1-4C3E-9D39-8067A6469B31}.Debug|Any CPU.ActiveCfg = Debug|Any CPU
		{0561169F-53E1-4C3E-9D39-8067A6469B31}.Debug|Any CPU.Build.0 = Debug|Any CPU
		{0561169F-53E1-4C3E-9D39-8067A6469B31}.Release|Any CPU.ActiveCfg = Release|Any CPU
		{0561169F-53E1-4C3E-9D39-8067A6469B31}.Release|Any CPU.Build.0 = Release|Any CPU
	EndGlobalSection
	GlobalSection(SolutionProperties) = preSolution
		HideSolutionNode = FALSE
	EndGlobalSection
	GlobalSection(ExtensibilityGlobals) = postSolution
		SolutionGuid = {551AF2CE-1A3E-4294-9E3D-5D3D45B3F4DC}
	EndGlobalSection
EndGlobal
